
Microsoft Visual Studio Solution File, Format Version 12.00
# Visual Studio Version 17
VisualStudioVersion = 17.0.32014.148
MinimumVisualStudioVersion = 10.0.40219.1
Project("{FAE04EC0-301F-11D3-BF4B-00C04F79EFBC}") = "real-time-music-api", "real-time-music-api\real-time-music-api.csproj", "{22B16F73-9856-40CA-B778-A2F00070555C}"
EndProject
Global
	GlobalSection(SolutionConfigurationPlatforms) = preSolution
		Debug|Any CPU = Debug|Any CPU
		Release|Any CPU = Release|Any CPU
	EndGlobalSection
	GlobalSection(ProjectConfigurationPlatforms) = postSolution
		{22B16F73-9856-40CA-B778-A2F00070555C}.Debug|Any CPU.ActiveCfg = Debug|Any CPU
		{22B16F73-9856-40CA-B778-A2F00070555C}.Debug|Any CPU.Build.0 = Debug|Any CPU
		{22B16F73-9856-40CA-B778-A2F00070555C}.Release|Any CPU.ActiveCfg = Release|Any CPU
		{22B16F73-9856-40CA-B778-A2F00070555C}.Release|Any CPU.Build.0 = Release|Any CPU
	EndGlobalSection
	GlobalSection(SolutionProperties) = preSolution
		HideSolutionNode = FALSE
	EndGlobalSection
	GlobalSection(ExtensibilityGlobals) = postSolution
		SolutionGuid = {144859F5-E746-4958-BDC7-25B9FAF91F29}
	EndGlobalSection
EndGlobal
